
Microsoft Visual Studio Solution File, Format Version 12.00
# Visual Studio 15
VisualStudioVersion = 15.0.27130.2010
MinimumVisualStudioVersion = 10.0.40219.1
Project("{FAE04EC0-301F-11D3-BF4B-00C04F79EFBC}") = "DynProxy", "DynProxy.csproj", "{481E5D3A-6D15-449D-BCF2-F2F2056BCCDB}"
EndProject
Global
	GlobalSection(SolutionConfigurationPlatforms) = preSolution
		Debug|Any CPU = Debug|Any CPU
		Release|Any CPU = Release|Any CPU
	EndGlobalSection
	GlobalSection(ProjectConfigurationPlatforms) = postSolution
		{481E5D3A-6D15-449D-BCF2-F2F2056BCCDB}.Debug|Any CPU.ActiveCfg = Debug|Any CPU
		{481E5D3A-6D15-449D-BCF2-F2F2056BCCDB}.Debug|Any CPU.Build.0 = Debug|Any CPU
		{481E5D3A-6D15-449D-BCF2-F2F2056BCCDB}.Release|Any CPU.ActiveCfg = Release|Any CPU
		{481E5D3A-6D15-449D-BCF2-F2F2056BCCDB}.Release|Any CPU.Build.0 = Release|Any CPU
	EndGlobalSection
	GlobalSection(SolutionProperties) = preSolution
		HideSolutionNode = FALSE
	EndGlobalSection
	GlobalSection(ExtensibilityGlobals) = postSolution
		SolutionGuid = {2840C432-6166-446E-8271-88C028FC474F}
	EndGlobalSection
EndGlobal
